
Microsoft Visual Studio Solution File, Format Version 12.00
# Visual Studio Version 17
VisualStudioVersion = 17.5.002.0
MinimumVisualStudioVersion = 10.0.40219.1
Project("{9A19103F-16F7-4668-BE54-9A1E7A4F7556}") = "Exam", "Exam.csproj", "{F9D259C3-BB38-4BAE-B6C7-FFD5AA380553}"
EndProject
Project("{9A19103F-16F7-4668-BE54-9A1E7A4F7556}") = "Infrastructure", "Infrastructure\Infrastructure.csproj", "{B188D59D-E5CC-4F85-9E00-84F1817BCDAD}"
EndProject
Global
	GlobalSection(SolutionConfigurationPlatforms) = preSolution
		Debug|Any CPU = Debug|Any CPU
		Release|Any CPU = Release|Any CPU
	EndGlobalSection
	GlobalSection(ProjectConfigurationPlatforms) = postSolution
		{F9D259C3-BB38-4BAE-B6C7-FFD5AA380553}.Debug|Any CPU.ActiveCfg = Debug|Any CPU
		{F9D259C3-BB38-4BAE-B6C7-FFD5AA380553}.Debug|Any CPU.Build.0 = Debug|Any CPU
		{F9D259C3-BB38-4BAE-B6C7-FFD5AA380553}.Release|Any CPU.ActiveCfg = Release|Any CPU
		{F9D259C3-BB38-4BAE-B6C7-FFD5AA380553}.Release|Any CPU.Build.0 = Release|Any CPU
		{B188D59D-E5CC-4F85-9E00-84F1817BCDAD}.Debug|Any CPU.ActiveCfg = Debug|Any CPU
		{B188D59D-E5CC-4F85-9E00-84F1817BCDAD}.Debug|Any CPU.Build.0 = Debug|Any CPU
		{B188D59D-E5CC-4F85-9E00-84F1817BCDAD}.Release|Any CPU.ActiveCfg = Release|Any CPU
		{B188D59D-E5CC-4F85-9E00-84F1817BCDAD}.Release|Any CPU.Build.0 = Release|Any CPU
	EndGlobalSection
	GlobalSection(SolutionProperties) = preSolution
		HideSolutionNode = FALSE
	EndGlobalSection
	GlobalSection(ExtensibilityGlobals) = postSolution
		SolutionGuid = {B370EF51-2B61-4E8C-ABD6-5FFC8724EFB6}
	EndGlobalSection
EndGlobal
